
Microsoft Visual Studio Solution File, Format Version 12.00
# Visual Studio 15
VisualStudioVersion = 15.0.28307.572
MinimumVisualStudioVersion = 10.0.40219.1
Project("{FAE04EC0-301F-11D3-BF4B-00C04F79EFBC}") = "Jacant", "Jacant\Jacant.csproj", "{CC7C0865-B6D0-4752-BADC-4FB0C22FF9EF}"
EndProject
Global
	GlobalSection(SolutionConfigurationPlatforms) = preSolution
		Debug|Any CPU = Debug|Any CPU
		Release|Any CPU = Release|Any CPU
	EndGlobalSection
	GlobalSection(ProjectConfigurationPlatforms) = postSolution
		{CC7C0865-B6D0-4752-BADC-4FB0C22FF9EF}.Debug|Any CPU.ActiveCfg = Debug|Any CPU
		{CC7C0865-B6D0-4752-BADC-4FB0C22FF9EF}.Debug|Any CPU.Build.0 = Debug|Any CPU
		{CC7C0865-B6D0-4752-BADC-4FB0C22FF9EF}.Debug|Any CPU.Deploy.0 = Debug|Any CPU
		{CC7C0865-B6D0-4752-BADC-4FB0C22FF9EF}.Release|Any CPU.ActiveCfg = Release|Any CPU
		{CC7C0865-B6D0-4752-BADC-4FB0C22FF9EF}.Release|Any CPU.Build.0 = Release|Any CPU
		{CC7C0865-B6D0-4752-BADC-4FB0C22FF9EF}.Release|Any CPU.Deploy.0 = Release|Any CPU
	EndGlobalSection
	GlobalSection(SolutionProperties) = preSolution
		HideSolutionNode = FALSE
	EndGlobalSection
	GlobalSection(ExtensibilityGlobals) = postSolution
		SolutionGuid = {2C4C7986-61D0-4FA7-BC82-1A3EC0812619}
	EndGlobalSection
EndGlobal
